
Microsoft Visual Studio Solution File, Format Version 12.00
# Visual Studio Version 17
VisualStudioVersion = 17.5.002.0
MinimumVisualStudioVersion = 10.0.40219.1
Project("{2150E333-8FDC-42A3-9474-1A3956D46DE8}") = "src", "src", "{6487C5CE-2AF2-4044-8807-798F620E42AD}"
EndProject
Project("{9A19103F-16F7-4668-BE54-9A1E7A4F7556}") = "pmtAuth", "src\pmtAuth\pmtAuth.csproj", "{525EFF99-892A-44AC-8D1C-4E5331ABCE1B}"
EndProject
Global
	GlobalSection(SolutionConfigurationPlatforms) = preSolution
		Debug|Any CPU = Debug|Any CPU
		Release|Any CPU = Release|Any CPU
	EndGlobalSection
	GlobalSection(ProjectConfigurationPlatforms) = postSolution
		{525EFF99-892A-44AC-8D1C-4E5331ABCE1B}.Debug|Any CPU.ActiveCfg = Debug|Any CPU
		{525EFF99-892A-44AC-8D1C-4E5331ABCE1B}.Debug|Any CPU.Build.0 = Debug|Any CPU
		{525EFF99-892A-44AC-8D1C-4E5331ABCE1B}.Release|Any CPU.ActiveCfg = Release|Any CPU
		{525EFF99-892A-44AC-8D1C-4E5331ABCE1B}.Release|Any CPU.Build.0 = Release|Any CPU
	EndGlobalSection
	GlobalSection(SolutionProperties) = preSolution
		HideSolutionNode = FALSE
	EndGlobalSection
	GlobalSection(NestedProjects) = preSolution
		{525EFF99-892A-44AC-8D1C-4E5331ABCE1B} = {6487C5CE-2AF2-4044-8807-798F620E42AD}
	EndGlobalSection
	GlobalSection(ExtensibilityGlobals) = postSolution
		SolutionGuid = {F7404F37-EA45-4D3A-8534-85315C3869D6}
	EndGlobalSection
EndGlobal
